// !$*UTF8*$!
{
	archiveVersion = 1;
	classes = {
	};
	objectVersion = 46;
	objects = {

/* Begin PBXBuildFile section */
		6534DE981D35A81000AF43B7 /* main.m in Sources */ = {isa = PBXBuildFile; fileRef = 6534DE971D35A81000AF43B7 /* main.m */; };
		6534DE9B1D35A81000AF43B7 /* AppDelegate.m in Sources */ = {isa = PBXBuildFile; fileRef = 6534DE9A1D35A81000AF43B7 /* AppDelegate.m */; };
		6534DE9E1D35A81000AF43B7 /* ViewController.m in Sources */ = {isa = PBXBuildFile; fileRef = 6534DE9D1D35A81000AF43B7 /* ViewController.m */; };
		6534DEA11D35A81000AF43B7 /* Main.storyboard in Resources */ = {isa = PBXBuildFile; fileRef = 6534DE9F1D35A81000AF43B7 /* Main.storyboard */; };
		6534DEA31D35A81000AF43B7 /* Assets.xcassets in Resources */ = {isa = PBXBuildFile; fileRef = 6534DEA21D35A81000AF43B7 /* Assets.xcassets */; };
		658D58291D4908CB00E14AE9 /* logo.png in Resources */ = {isa = PBXBuildFile; fileRef = 658D58281D4908CB00E14AE9 /* logo.png */; };
		658D582C1D49090500E14AE9 /* LaunchScreen.storyboard in Resources */ = {isa = PBXBuildFile; fileRef = 658D582A1D49090500E14AE9 /* LaunchScreen.storyboard */; };
		AC908D26242AA780000330AA /* MonetaryMobileToken.framework in Frameworks */ = {isa = PBXBuildFile; fileRef = AC908D25242AA780000330AA /* MonetaryMobileToken.framework */; };
		AC908D27242AA780000330AA /* MonetaryMobileToken.framework in Embed Frameworks */ = {isa = PBXBuildFile; fileRef = AC908D25242AA780000330AA /* MonetaryMobileToken.framework */; settings = {ATTRIBUTES = (CodeSignOnCopy, RemoveHeadersOnCopy, ); }; };
/* End PBXBuildFile section */

/* Begin PBXCopyFilesBuildPhase section */
		ACF4E6D02429418400853D25 /* Embed Frameworks */ = {
			isa = PBXCopyFilesBuildPhase;
			buildActionMask = 2147483647;
			dstPath = "";
			dstSubfolderSpec = 10;
			files = (
				AC908D27242AA780000330AA /* MonetaryMobileToken.framework in Embed Frameworks */,
			);
			name = "Embed Frameworks";
			runOnlyForDeploymentPostprocessing = 0;
		};
/* End PBXCopyFilesBuildPhase section */

/* Begin PBXFileReference section */
		6534DE931D35A81000AF43B7 /* MonetaryMobileTokenDemo.app */ = {isa = PBXFileReference; explicitFileType = wrapper.application; includeInIndex = 0; path = MonetaryMobileTokenDemo.app; sourceTree = BUILT_PRODUCTS_DIR; };
		6534DE971D35A81000AF43B7 /* main.m */ = {isa = PBXFileReference; lastKnownFileType = sourcecode.c.objc; path = main.m; sourceTree = "<group>"; };
		6534DE991D35A81000AF43B7 /* AppDelegate.h */ = {isa = PBXFileReference; lastKnownFileType = sourcecode.c.h; path = AppDelegate.h; sourceTree = "<group>"; };
		6534DE9A1D35A81000AF43B7 /* AppDelegate.m */ = {isa = PBXFileReference; lastKnownFileType = sourcecode.c.objc; path = AppDelegate.m; sourceTree = "<group>"; };
		6534DE9C1D35A81000AF43B7 /* ViewController.h */ = {isa = PBXFileReference; lastKnownFileType = sourcecode.c.h; path = ViewController.h; sourceTree = "<group>"; };
		6534DE9D1D35A81000AF43B7 /* ViewController.m */ = {isa = PBXFileReference; lastKnownFileType = sourcecode.c.objc; path = ViewController.m; sourceTree = "<group>"; };
		6534DEA01D35A81000AF43B7 /* Base */ = {isa = PBXFileReference; lastKnownFileType = file.storyboard; name = Base; path = Base.lproj/Main.storyboard; sourceTree = "<group>"; };
		6534DEA21D35A81000AF43B7 /* Assets.xcassets */ = {isa = PBXFileReference; lastKnownFileType = folder.assetcatalog; path = Assets.xcassets; sourceTree = "<group>"; };
		6534DEA71D35A81000AF43B7 /* Info.plist */ = {isa = PBXFileReference; lastKnownFileType = text.plist.xml; path = Info.plist; sourceTree = "<group>"; };
		658D58281D4908CB00E14AE9 /* logo.png */ = {isa = PBXFileReference; lastKnownFileType = image.png; path = logo.png; sourceTree = "<group>"; };
		658D582B1D49090500E14AE9 /* Base */ = {isa = PBXFileReference; lastKnownFileType = file.storyboard; name = Base; path = Base.lproj/LaunchScreen.storyboard; sourceTree = "<group>"; };
		AC908D25242AA780000330AA /* MonetaryMobileToken.framework */ = {isa = PBXFileReference; lastKnownFileType = wrapper.framework; path = MonetaryMobileToken.framework; sourceTree = "<group>"; };
/* End PBXFileReference section */

/* Begin PBXFrameworksBuildPhase section */
		6534DE901D35A81000AF43B7 /* Frameworks */ = {
			isa = PBXFrameworksBuildPhase;
			buildActionMask = 2147483647;
			files = (
				AC908D26242AA780000330AA /* MonetaryMobileToken.framework in Frameworks */,
			);
			runOnlyForDeploymentPostprocessing = 0;
		};
/* End PBXFrameworksBuildPhase section */

/* Begin PBXGroup section */
		6534DE8A1D35A81000AF43B7 = {
			isa = PBXGroup;
			children = (
				6534DE951D35A81000AF43B7 /* MonetaryMobileTokenDemo */,
				6534DE941D35A81000AF43B7 /* Products */,
				AC908D24242AA77F000330AA /* Frameworks */,
			);
			sourceTree = "<group>";
		};
		6534DE941D35A81000AF43B7 /* Products */ = {
			isa = PBXGroup;
			children = (
				6534DE931D35A81000AF43B7 /* MonetaryMobileTokenDemo.app */,
			);
			name = Products;
			sourceTree = "<group>";
		};
		6534DE951D35A81000AF43B7 /* MonetaryMobileTokenDemo */ = {
			isa = PBXGroup;
			children = (
				6534DE991D35A81000AF43B7 /* AppDelegate.h */,
				6534DE9A1D35A81000AF43B7 /* AppDelegate.m */,
				6534DE9C1D35A81000AF43B7 /* ViewController.h */,
				6534DE9D1D35A81000AF43B7 /* ViewController.m */,
				6534DEA21D35A81000AF43B7 /* Assets.xcassets */,
				6534DEA71D35A81000AF43B7 /* Info.plist */,
				6534DE961D35A81000AF43B7 /* Supporting Files */,
			);
			name = MonetaryMobileTokenDemo;
			path = MonetaryMobileDemo;
			sourceTree = "<group>";
		};
		6534DE961D35A81000AF43B7 /* Supporting Files */ = {
			isa = PBXGroup;
			children = (
				658D582A1D49090500E14AE9 /* LaunchScreen.storyboard */,
				6534DE9F1D35A81000AF43B7 /* Main.storyboard */,
				658D58281D4908CB00E14AE9 /* logo.png */,
				6534DE971D35A81000AF43B7 /* main.m */,
			);
			name = "Supporting Files";
			sourceTree = "<group>";
		};
		AC908D24242AA77F000330AA /* Frameworks */ = {
			isa = PBXGroup;
			children = (
				AC908D25242AA780000330AA /* MonetaryMobileToken.framework */,
			);
			name = Frameworks;
			sourceTree = "<group>";
		};
/* End PBXGroup section */

/* Begin PBXNativeTarget section */
		6534DE921D35A81000AF43B7 /* MonetaryMobileTokenDemo */ = {
			isa = PBXNativeTarget;
			buildConfigurationList = 6534DEAA1D35A81000AF43B7 /* Build configuration list for PBXNativeTarget "MonetaryMobileTokenDemo" */;
			buildPhases = (
				6534DE8F1D35A81000AF43B7 /* Sources */,
				6534DE901D35A81000AF43B7 /* Frameworks */,
				6534DE911D35A81000AF43B7 /* Resources */,
				ACF4E6D02429418400853D25 /* Embed Frameworks */,
			);
			buildRules = (
			);
			dependencies = (
			);
			name = MonetaryMobileTokenDemo;
			productName = MonetaryMobileDemo;
			productReference = 6534DE931D35A81000AF43B7 /* MonetaryMobileTokenDemo.app */;
			productType = "com.apple.product-type.application";
		};
/* End PBXNativeTarget section */

/* Begin PBXProject section */
		6534DE8B1D35A81000AF43B7 /* Project object */ = {
			isa = PBXProject;
			attributes = {
				LastUpgradeCheck = 0810;
				ORGANIZATIONNAME = Monetary;
				TargetAttributes = {
					6534DE921D35A81000AF43B7 = {
						CreatedOnToolsVersion = 7.3.1;
						DevelopmentTeam = Q68NE4GJ3V;
					};
				};
			};
			buildConfigurationList = 6534DE8E1D35A81000AF43B7 /* Build configuration list for PBXProject "MonetaryMobileTokenDemo" */;
			compatibilityVersion = "Xcode 3.2";
			developmentRegion = English;
			hasScannedForEncodings = 0;
			knownRegions = (
				English,
				en,
				Base,
			);
			mainGroup = 6534DE8A1D35A81000AF43B7;
			productRefGroup = 6534DE941D35A81000AF43B7 /* Products */;
			projectDirPath = "";
			projectRoot = "";
			targets = (
				6534DE921D35A81000AF43B7 /* MonetaryMobileTokenDemo */,
			);
		};
/* End PBXProject section */

/* Begin PBXResourcesBuildPhase section */
		6534DE911D35A81000AF43B7 /* Resources */ = {
			isa = PBXResourcesBuildPhase;
			buildActionMask = 2147483647;
			files = (
				658D58291D4908CB00E14AE9 /* logo.png in Resources */,
				6534DEA31D35A81000AF43B7 /* Assets.xcassets in Resources */,
				6534DEA11D35A81000AF43B7 /* Main.storyboard in Resources */,
				658D582C1D49090500E14AE9 /* LaunchScreen.storyboard in Resources */,
			);
			runOnlyForDeploymentPostprocessing = 0;
		};
/* End PBXResourcesBuildPhase section */

/* Begin PBXSourcesBuildPhase section */
		6534DE8F1D35A81000AF43B7 /* Sources */ = {
			isa = PBXSourcesBuildPhase;
			buildActionMask = 2147483647;
			files = (
				6534DE9E1D35A81000AF43B7 /* ViewController.m in Sources */,
				6534DE9B1D35A81000AF43B7 /* AppDelegate.m in Sources */,
				6534DE981D35A81000AF43B7 /* main.m in Sources */,
			);
			runOnlyForDeploymentPostprocessing = 0;
		};
/* End PBXSourcesBuildPhase section */

/* Begin PBXVariantGroup section */
		6534DE9F1D35A81000AF43B7 /* Main.storyboard */ = {
			isa = PBXVariantGroup;
			children = (
				6534DEA01D35A81000AF43B7 /* Base */,
			);
			name = Main.storyboard;
			sourceTree = "<group>";
		};
		658D582A1D49090500E14AE9 /* LaunchScreen.storyboard */ = {
			isa = PBXVariantGroup;
			children = (
				658D582B1D49090500E14AE9 /* Base */,
			);
			name = LaunchScreen.storyboard;
			sourceTree = "<group>";
		};
/* End PBXVariantGroup section */

/* Begin XCBuildConfiguration section */
		6534DEA81D35A81000AF43B7 /* Debug */ = {
			isa = XCBuildConfiguration;
			buildSettings = {
				ALWAYS_SEARCH_USER_PATHS = NO;
				CLANG_ANALYZER_NONNULL = YES;
				CLANG_CXX_LANGUAGE_STANDARD = "gnu++0x";
				CLANG_CXX_LIBRARY = "libc++";
				CLANG_ENABLE_MODULES = YES;
				CLANG_ENABLE_OBJC_ARC = YES;
				CLANG_WARN_BOOL_CONVERSION = YES;
				CLANG_WARN_CONSTANT_CONVERSION = YES;
				CLANG_WARN_DIRECT_OBJC_ISA_USAGE = YES_ERROR;
				CLANG_WARN_EMPTY_BODY = YES;
				CLANG_WARN_ENUM_CONVERSION = YES;
				CLANG_WARN_INFINITE_RECURSION = YES;
				CLANG_WARN_INT_CONVERSION = YES;
				CLANG_WARN_OBJC_ROOT_CLASS = YES_ERROR;
				CLANG_WARN_SUSPICIOUS_MOVE = YES;
				CLANG_WARN_UNREACHABLE_CODE = YES;
				CLANG_WARN__DUPLICATE_METHOD_MATCH = YES;
				"CODE_SIGN_IDENTITY[sdk=iphoneos*]" = "iPhone Developer";
				COPY_PHASE_STRIP = NO;
				DEBUG_INFORMATION_FORMAT = dwarf;
				ENABLE_STRICT_OBJC_MSGSEND = YES;
				ENABLE_TESTABILITY = YES;
				GCC_C_LANGUAGE_STANDARD = gnu99;
				GCC_DYNAMIC_NO_PIC = NO;
				GCC_NO_COMMON_BLOCKS = YES;
				GCC_OPTIMIZATION_LEVEL = 0;
				GCC_PREPROCESSOR_DEFINITIONS = (
					"DEBUG=1",
					"$(inherited)",
				);
				GCC_WARN_64_TO_32_BIT_CONVERSION = YES;
				GCC_WARN_ABOUT_RETURN_TYPE = YES_ERROR;
				GCC_WARN_UNDECLARED_SELECTOR = YES;
				GCC_WARN_UNINITIALIZED_AUTOS = YES_AGGRESSIVE;
				GCC_WARN_UNUSED_FUNCTION = YES;
				GCC_WARN_UNUSED_VARIABLE = YES;
				IPHONEOS_DEPLOYMENT_TARGET = 9.3;
				MTL_ENABLE_DEBUG_INFO = YES;
				ONLY_ACTIVE_ARCH = YES;
				SDKROOT = iphoneos;
				TARGETED_DEVICE_FAMILY = "1,2";
			};
			name = Debug;
		};
		6534DEA91D35A81000AF43B7 /* Release */ = {
			isa = XCBuildConfiguration;
			buildSettings = {
				ALWAYS_SEARCH_USER_PATHS = NO;
				CLANG_ANALYZER_NONNULL = YES;
				CLANG_CXX_LANGUAGE_STANDARD = "gnu++0x";
				CLANG_CXX_LIBRARY = "libc++";
				CLANG_ENABLE_MODULES = YES;
				CLANG_ENABLE_OBJC_ARC = YES;
				CLANG_WARN_BOOL_CONVERSION = YES;
				CLANG_WARN_CONSTANT_CONVERSION = YES;
				CLANG_WARN_DIRECT_OBJC_ISA_USAGE = YES_ERROR;
				CLANG_WARN_EMPTY_BODY = YES;
				CLANG_WARN_ENUM_CONVERSION = YES;
				CLANG_WARN_INFINITE_RECURSION = YES;
				CLANG_WARN_INT_CONVERSION = YES;
				CLANG_WARN_OBJC_ROOT_CLASS = YES_ERROR;
				CLANG_WARN_SUSPICIOUS_MOVE = YES;
				CLANG_WARN_UNREACHABLE_CODE = YES;
				CLANG_WARN__DUPLICATE_METHOD_MATCH = YES;
				"CODE_SIGN_IDENTITY[sdk=iphoneos*]" = "iPhone Developer";
				COPY_PHASE_STRIP = NO;
				DEBUG_INFORMATION_FORMAT = "dwarf-with-dsym";
				ENABLE_NS_ASSERTIONS = NO;
				ENABLE_STRICT_OBJC_MSGSEND = YES;
				GCC_C_LANGUAGE_STANDARD = gnu99;
				GCC_NO_COMMON_BLOCKS = YES;
				GCC_WARN_64_TO_32_BIT_CONVERSION = YES;
				GCC_WARN_ABOUT_RETURN_TYPE = YES_ERROR;
				GCC_WARN_UNDECLARED_SELECTOR = YES;
				GCC_WARN_UNINITIALIZED_AUTOS = YES_AGGRESSIVE;
				GCC_WARN_UNUSED_FUNCTION = YES;
				GCC_WARN_UNUSED_VARIABLE = YES;
				IPHONEOS_DEPLOYMENT_TARGET = 9.3;
				MTL_ENABLE_DEBUG_INFO = NO;
				SDKROOT = iphoneos;
				TARGETED_DEVICE_FAMILY = "1,2";
				VALIDATE_PRODUCT = YES;
			};
			name = Release;
		};
		6534DEAB1D35A81000AF43B7 /* Debug */ = {
			isa = XCBuildConfiguration;
			buildSettings = {
				ASSETCATALOG_COMPILER_APPICON_NAME = AppIcon;
				CODE_SIGN_IDENTITY = "iPhone Developer";
				"CODE_SIGN_IDENTITY[sdk=iphoneos*]" = "iPhone Developer";
				DEVELOPMENT_TEAM = Q68NE4GJ3V;
				FRAMEWORK_SEARCH_PATHS = "$(PROJECT_DIR)";
				HEADER_SEARCH_PATHS = "";
				INFOPLIST_FILE = MonetaryMobileDemo/Info.plist;
				LD_RUNPATH_SEARCH_PATHS = "$(inherited) @executable_path/Frameworks";
				MARKETING_VERSION = 1.1;
				PRODUCT_BUNDLE_IDENTIFIER = co.monetary.MonetaryMobileDemo;
				PRODUCT_NAME = MonetaryMobileTokenDemo;
				PROVISIONING_PROFILE = "";
				TARGETED_DEVICE_FAMILY = "1,2";
			};
			name = Debug;
		};
		6534DEAC1D35A81000AF43B7 /* Release */ = {
			isa = XCBuildConfiguration;
			buildSettings = {
				ASSETCATALOG_COMPILER_APPICON_NAME = AppIcon;
				CODE_SIGN_IDENTITY = "iPhone Developer";
				"CODE_SIGN_IDENTITY[sdk=iphoneos*]" = "iPhone Developer";
				DEVELOPMENT_TEAM = Q68NE4GJ3V;
				FRAMEWORK_SEARCH_PATHS = "$(PROJECT_DIR)";
				HEADER_SEARCH_PATHS = "";
				INFOPLIST_FILE = MonetaryMobileDemo/Info.plist;
				LD_RUNPATH_SEARCH_PATHS = "$(inherited) @executable_path/Frameworks";
				MARKETING_VERSION = 1.1;
				PRODUCT_BUNDLE_IDENTIFIER = co.monetary.MonetaryMobileDemo;
				PRODUCT_NAME = MonetaryMobileTokenDemo;
				PROVISIONING_PROFILE = "";
				TARGETED_DEVICE_FAMILY = "1,2";
			};
			name = Release;
		};
/* End XCBuildConfiguration section */

/* Begin XCConfigurationList section */
		6534DE8E1D35A81000AF43B7 /* Build configuration list for PBXProject "MonetaryMobileTokenDemo" */ = {
			isa = XCConfigurationList;
			buildConfigurations = (
				6534DEA81D35A81000AF43B7 /* Debug */,
				6534DEA91D35A81000AF43B7 /* Release */,
			);
			defaultConfigurationIsVisible = 0;
			defaultConfigurationName = Release;
		};
		6534DEAA1D35A81000AF43B7 /* Build configuration list for PBXNativeTarget "MonetaryMobileTokenDemo" */ = {
			isa = XCConfigurationList;
			buildConfigurations = (
				6534DEAB1D35A81000AF43B7 /* Debug */,
				6534DEAC1D35A81000AF43B7 /* Release */,
			);
			defaultConfigurationIsVisible = 0;
			defaultConfigurationName = Release;
		};
/* End XCConfigurationList section */
	};
	rootObject = 6534DE8B1D35A81000AF43B7 /* Project object */;
}
